{
  "requires": true,
  "lockfileVersion": 1,
  "dependencies": {
    "@angular/flex-layout": {
      "version": "5.0.0-beta.14",
      "resolved": "https://registry.npmjs.org/@angular/flex-layout/-/flex-layout-5.0.0-beta.14.tgz",
      "integrity": "sha512-/fsOqXFUKdCmzzZx0bZ0HCYwcV+BSbVuIgOhaCrZKHj2rqiWKKPgj1ErU3HMT68bBBGag0u0skTdLGtrBorRIA==",
      "requires": {
        "tslib": "1.9.0"
      }
    },
    "hammerjs": {
      "version": "2.0.8",
      "resolved": "https://registry.npmjs.org/hammerjs/-/hammerjs-2.0.8.tgz",
      "integrity": "sha1-BO93hiz/K7edMPdpIJWTAiK/YPE="
    },
    "hoek": {
      "version": "5.0.3",
      "resolved": "https://registry.npmjs.org/hoek/-/hoek-5.0.3.tgz",
      "integrity": "sha512-Bmr56pxML1c9kU+NS51SMFkiVQAb+9uFfXwyqR2tn4w2FPvmPt65eZ9aCcEfRXd9G74HkZnILC6p967pED4aiw=="
    },
    "ng-animate": {
      "version": "0.3.1",
      "resolved": "https://registry.npmjs.org/ng-animate/-/ng-animate-0.3.1.tgz",
      "integrity": "sha512-umSV+vhOItCM2eiayM/kbWCbdqI74E3EuWbIy2ENFc6+pIwRPxTR81EPrJ5bqRp5hZQXfgm4ESqRftQtpJQ8Tg=="
    },
    "tslib": {
      "version": "1.9.0",
      "resolved": "https://registry.npmjs.org/tslib/-/tslib-1.9.0.tgz",
      "integrity": "sha512-f/qGG2tUkrISBlQZEjEqoZ3B2+npJjIf04H1wuAv9iA8i04Icp+61KRXxFdha22670NJopsZCIjhC3SnjPRKrQ=="
    },
    "web-animations-js": {
      "version": "2.3.1",
      "resolved": "https://registry.npmjs.org/web-animations-js/-/web-animations-js-2.3.1.tgz",
      "integrity": "sha1-Om2bwVGWN3qQ+OKAP6UmIWWwRRA="
    }
  }
}
